
Microsoft Visual Studio Solution File, Format Version 12.00
# Visual Studio Version 17
VisualStudioVersion = 17.11.35303.130
MinimumVisualStudioVersion = 10.0.40219.1
Project("{FAE04EC0-301F-11D3-BF4B-00C04F79EFBC}") = "Hospital", "Hospital\Hospital.csproj", "{A7400E53-0DEE-482C-8F5B-87355B4F81AD}"
EndProject
Global
	GlobalSection(SolutionConfigurationPlatforms) = preSolution
		Debug|Any CPU = Debug|Any CPU
		Release|Any CPU = Release|Any CPU
	EndGlobalSection
	GlobalSection(ProjectConfigurationPlatforms) = postSolution
		{A7400E53-0DEE-482C-8F5B-87355B4F81AD}.Debug|Any CPU.ActiveCfg = Debug|Any CPU
		{A7400E53-0DEE-482C-8F5B-87355B4F81AD}.Debug|Any CPU.Build.0 = Debug|Any CPU
		{A7400E53-0DEE-482C-8F5B-87355B4F81AD}.Release|Any CPU.ActiveCfg = Release|Any CPU
		{A7400E53-0DEE-482C-8F5B-87355B4F81AD}.Release|Any CPU.Build.0 = Release|Any CPU
	EndGlobalSection
	GlobalSection(SolutionProperties) = preSolution
		HideSolutionNode = FALSE
	EndGlobalSection
	GlobalSection(ExtensibilityGlobals) = postSolution
		SolutionGuid = {57FDF3F7-A089-48DD-9470-6B40D7C8B558}
	EndGlobalSection
EndGlobal
